
Microsoft Visual Studio Solution File, Format Version 12.00
# Visual Studio Version 16
VisualStudioVersion = 16.0.29009.5
MinimumVisualStudioVersion = 10.0.40219.1
Project("{FAE04EC0-301F-11D3-BF4B-00C04F79EFBC}") = "MovieLensFrontEnd", "MovieLensFrontEnd.csproj", "{4DB255A1-4BCA-426D-BAC9-F4CA98FD9463}"
EndProject
Global
	GlobalSection(SolutionConfigurationPlatforms) = preSolution
		Debug|Any CPU = Debug|Any CPU
		Release|Any CPU = Release|Any CPU
	EndGlobalSection
	GlobalSection(ProjectConfigurationPlatforms) = postSolution
		{4DB255A1-4BCA-426D-BAC9-F4CA98FD9463}.Debug|Any CPU.ActiveCfg = Debug|Any CPU
		{4DB255A1-4BCA-426D-BAC9-F4CA98FD9463}.Debug|Any CPU.Build.0 = Debug|Any CPU
		{4DB255A1-4BCA-426D-BAC9-F4CA98FD9463}.Release|Any CPU.ActiveCfg = Release|Any CPU
		{4DB255A1-4BCA-426D-BAC9-F4CA98FD9463}.Release|Any CPU.Build.0 = Release|Any CPU
	EndGlobalSection
	GlobalSection(SolutionProperties) = preSolution
		HideSolutionNode = FALSE
	EndGlobalSection
	GlobalSection(ExtensibilityGlobals) = postSolution
		SolutionGuid = {FC666F94-B61F-46BE-A57B-E852E6EA676D}
	EndGlobalSection
EndGlobal
